PODS:
  - Alamofire (5.4.1)
  - DataCache (1.5)
  - Moya (14.0.0):
    - Moya/Core (= 14.0.0)
  - Moya/Core (14.0.0):
    - Alamofire (~> 5.0)
  - NetworkLayerSwift (0.2.0):
    - DataCache
    - Moya (~> 14.0)
    - ReachabilitySwift
  - ReachabilitySwift (5.0.0)

DEPENDENCIES:
  - NetworkLayerSwift (from `../`)

SPEC REPOS:
  trunk:
    - Alamofire
    - DataCache
    - Moya
    - ReachabilitySwift

EXTERNAL SOURCES:
  NetworkLayerSwift:
    :path: "../"

SPEC CHECKSUMS:
  Alamofire: 2291f7d21ca607c491dd17642e5d40fdcda0e65c
  DataCache: 8099e01aa35c2fd30f3410aae14ef5a130f6524b
  Moya: 5b45dacb75adb009f97fde91c204c1e565d31916
  NetworkLayerSwift: d8b3334a491455a9d5c41a3325c8c0e2b9bb2bc2
  ReachabilitySwift: 985039c6f7b23a1da463388634119492ff86c825

PODFILE CHECKSUM: 61f09ab90e63e94dda5d0c433234bb0ef220628b

COCOAPODS: 1.10.1
